
Microsoft Visual Studio Solution File, Format Version 12.00
# Visual Studio Version 16
VisualStudioVersion = 16.0.32106.194
MinimumVisualStudioVersion = 10.0.40219.1
Project("{FAE04EC0-301F-11D3-BF4B-00C04F79EFBC}") = "simpleBenglaKeyboardProject", "simpleBenglaKeyboardProject\simpleBenglaKeyboardProject.csproj", "{8879AA7F-AA41-40AE-8440-A753B6AB78A6}"
EndProject
Global
	GlobalSection(SolutionConfigurationPlatforms) = preSolution
		Debug|Any CPU = Debug|Any CPU
		Release|Any CPU = Release|Any CPU
	EndGlobalSection
	GlobalSection(ProjectConfigurationPlatforms) = postSolution
		{8879AA7F-AA41-40AE-8440-A753B6AB78A6}.Debug|Any CPU.ActiveCfg = Debug|Any CPU
		{8879AA7F-AA41-40AE-8440-A753B6AB78A6}.Debug|Any CPU.Build.0 = Debug|Any CPU
		{8879AA7F-AA41-40AE-8440-A753B6AB78A6}.Release|Any CPU.ActiveCfg = Release|Any CPU
		{8879AA7F-AA41-40AE-8440-A753B6AB78A6}.Release|Any CPU.Build.0 = Release|Any CPU
	EndGlobalSection
	GlobalSection(SolutionProperties) = preSolution
		HideSolutionNode = FALSE
	EndGlobalSection
	GlobalSection(ExtensibilityGlobals) = postSolution
		SolutionGuid = {F3BF4255-CF30-4530-96CB-EEC4D8255369}
	EndGlobalSection
EndGlobal
